// !$*UTF8*$!
{
	archiveVersion = 1;
	classes = {
	};
	objectVersion = 50;
	objects = {

/* Begin PBXBuildFile section */
		134DA002239C4BC2005E7675 /* AppDelegate.m in Sources */ = {isa = PBXBuildFile; fileRef = 134DA001239C4BC2005E7675 /* AppDelegate.m */; };
		134DA005239C4BC2005E7675 /* ViewController.m in Sources */ = {isa = PBXBuildFile; fileRef = 134DA004239C4BC2005E7675 /* ViewController.m */; };
		134DA008239C4BC2005E7675 /* Main.storyboard in Resources */ = {isa = PBXBuildFile; fileRef = 134DA006239C4BC2005E7675 /* Main.storyboard */; };
		134DA00A239C4BC4005E7675 /* Assets.xcassets in Resources */ = {isa = PBXBuildFile; fileRef = 134DA009239C4BC4005E7675 /* Assets.xcassets */; };
		134DA00D239C4BC4005E7675 /* LaunchScreen.storyboard in Resources */ = {isa = PBXBuildFile; fileRef = 134DA00B239C4BC4005E7675 /* LaunchScreen.storyboard */; };
		134DA010239C4BC4005E7675 /* main.m in Sources */ = {isa = PBXBuildFile; fileRef = 134DA00F239C4BC4005E7675 /* main.m */; };
/* End PBXBuildFile section */

/* Begin PBXFileReference section */
		134D9FFD239C4BC2005E7675 /* Distort-Client-iOS.app */ = {isa = PBXFileReference; explicitFileType = wrapper.application; includeInIndex = 0; path = "Distort-Client-iOS.app"; sourceTree = BUILT_PRODUCTS_DIR; };
		134DA000239C4BC2005E7675 /* AppDelegate.h */ = {isa = PBXFileReference; lastKnownFileType = sourcecode.c.h; path = AppDelegate.h; sourceTree = "<group>"; };
		134DA001239C4BC2005E7675 /* AppDelegate.m */ = {isa = PBXFileReference; lastKnownFileType = sourcecode.c.objc; path = AppDelegate.m; sourceTree = "<group>"; };
		134DA003239C4BC2005E7675 /* ViewController.h */ = {isa = PBXFileReference; lastKnownFileType = sourcecode.c.h; path = ViewController.h; sourceTree = "<group>"; };
		134DA004239C4BC2005E7675 /* ViewController.m */ = {isa = PBXFileReference; lastKnownFileType = sourcecode.c.objc; path = ViewController.m; sourceTree = "<group>"; };
		134DA007239C4BC2005E7675 /* Base */ = {isa = PBXFileReference; lastKnownFileType = file.storyboard; name = Base; path = Base.lproj/Main.storyboard; sourceTree = "<group>"; };
		134DA009239C4BC4005E7675 /* Assets.xcassets */ = {isa = PBXFileReference; lastKnownFileType = folder.assetcatalog; path = Assets.xcassets; sourceTree = "<group>"; };
		134DA00C239C4BC4005E7675 /* Base */ = {isa = PBXFileReference; lastKnownFileType = file.storyboard; name = Base; path = Base.lproj/LaunchScreen.storyboard; sourceTree = "<group>"; };
		134DA00E239C4BC4005E7675 /* Info.plist */ = {isa = PBXFileReference; lastKnownFileType = text.plist.xml; path = Info.plist; sourceTree = "<group>"; };
		134DA00F239C4BC4005E7675 /* main.m */ = {isa = PBXFileReference; lastKnownFileType = sourcecode.c.objc; path = main.m; sourceTree = "<group>"; };
		13C6B3A2239CC7CB00610B1E /* Constants.h */ = {isa = PBXFileReference; lastKnownFileType = sourcecode.c.h; path = Constants.h; sourceTree = "<group>"; };
/* End PBXFileReference section */

/* Begin PBXFrameworksBuildPhase section */
		134D9FFA239C4BC2005E7675 /* Frameworks */ = {
			isa = PBXFrameworksBuildPhase;
			buildActionMask = 2147483647;
			files = (
			);
			runOnlyForDeploymentPostprocessing = 0;
		};
/* End PBXFrameworksBuildPhase section */

/* Begin PBXGroup section */
		134D9FF4239C4BC2005E7675 = {
			isa = PBXGroup;
			children = (
				134D9FFF239C4BC2005E7675 /* Distort-Client-iOS */,
				134D9FFE239C4BC2005E7675 /* Products */,
			);
			sourceTree = "<group>";
		};
		134D9FFE239C4BC2005E7675 /* Products */ = {
			isa = PBXGroup;
			children = (
				134D9FFD239C4BC2005E7675 /* Distort-Client-iOS.app */,
			);
			name = Products;
			sourceTree = "<group>";
		};
		134D9FFF239C4BC2005E7675 /* Distort-Client-iOS */ = {
			isa = PBXGroup;
			children = (
				134DA000239C4BC2005E7675 /* AppDelegate.h */,
				134DA001239C4BC2005E7675 /* AppDelegate.m */,
				134DA003239C4BC2005E7675 /* ViewController.h */,
				134DA004239C4BC2005E7675 /* ViewController.m */,
				134DA006239C4BC2005E7675 /* Main.storyboard */,
				134DA009239C4BC4005E7675 /* Assets.xcassets */,
				134DA00B239C4BC4005E7675 /* LaunchScreen.storyboard */,
				134DA00E239C4BC4005E7675 /* Info.plist */,
				134DA00F239C4BC4005E7675 /* main.m */,
				13C6B3A2239CC7CB00610B1E /* Constants.h */,
			);
			path = "Distort-Client-iOS";
			sourceTree = "<group>";
		};
/* End PBXGroup section */

/* Begin PBXNativeTarget section */
		134D9FFC239C4BC2005E7675 /* Distort-Client-iOS */ = {
			isa = PBXNativeTarget;
			buildConfigurationList = 134DA013239C4BC4005E7675 /* Build configuration list for PBXNativeTarget "Distort-Client-iOS" */;
			buildPhases = (
				134D9FF9239C4BC2005E7675 /* Sources */,
				134D9FFA239C4BC2005E7675 /* Frameworks */,
				134D9FFB239C4BC2005E7675 /* Resources */,
			);
			buildRules = (
			);
			dependencies = (
			);
			name = "Distort-Client-iOS";
			productName = "Distort-Client-iOS";
			productReference = 134D9FFD239C4BC2005E7675 /* Distort-Client-iOS.app */;
			productType = "com.apple.product-type.application";
		};
/* End PBXNativeTarget section */

/* Begin PBXProject section */
		134D9FF5239C4BC2005E7675 /* Project object */ = {
			isa = PBXProject;
			attributes = {
				LastUpgradeCheck = 1020;
				ORGANIZATIONNAME = "Jason Chiu";
				TargetAttributes = {
					134D9FFC239C4BC2005E7675 = {
						CreatedOnToolsVersion = 10.2.1;
					};
				};
			};
			buildConfigurationList = 134D9FF8239C4BC2005E7675 /* Build configuration list for PBXProject "Distort-Client-iOS" */;
			compatibilityVersion = "Xcode 9.3";
			developmentRegion = en;
			hasScannedForEncodings = 0;
			knownRegions = (
				en,
				Base,
			);
			mainGroup = 134D9FF4239C4BC2005E7675;
			productRefGroup = 134D9FFE239C4BC2005E7675 /* Products */;
			projectDirPath = "";
			projectRoot = "";
			targets = (
				134D9FFC239C4BC2005E7675 /* Distort-Client-iOS */,
			);
		};
/* End PBXProject section */

/* Begin PBXResourcesBuildPhase section */
		134D9FFB239C4BC2005E7675 /* Resources */ = {
			isa = PBXResourcesBuildPhase;
			buildActionMask = 2147483647;
			files = (
				134DA00D239C4BC4005E7675 /* LaunchScreen.storyboard in Resources */,
				134DA00A239C4BC4005E7675 /* Assets.xcassets in Resources */,
				134DA008239C4BC2005E7675 /* Main.storyboard in Resources */,
			);
			runOnlyForDeploymentPostprocessing = 0;
		};
/* End PBXResourcesBuildPhase section */

/* Begin PBXSourcesBuildPhase section */
		134D9FF9239C4BC2005E7675 /* Sources */ = {
			isa = PBXSourcesBuildPhase;
			buildActionMask = 2147483647;
			files = (
				134DA005239C4BC2005E7675 /* ViewController.m in Sources */,
				134DA010239C4BC4005E7675 /* main.m in Sources */,
				134DA002239C4BC2005E7675 /* AppDelegate.m in Sources */,
			);
			runOnlyForDeploymentPostprocessing = 0;
		};
/* End PBXSourcesBuildPhase section */

/* Begin PBXVariantGroup section */
		134DA006239C4BC2005E7675 /* Main.storyboard */ = {
			isa = PBXVariantGroup;
			children = (
				134DA007239C4BC2005E7675 /* Base */,
			);
			name = Main.storyboard;
			sourceTree = "<group>";
		};
		134DA00B239C4BC4005E7675 /* LaunchScreen.storyboard */ = {
			isa = PBXVariantGroup;
			children = (
				134DA00C239C4BC4005E7675 /* Base */,
			);
			name = LaunchScreen.storyboard;
			sourceTree = "<group>";
		};
/* End PBXVariantGroup section */

/* Begin XCBuildConfiguration section */
		134DA011239C4BC4005E7675 /* Debug */ = {
			isa = XCBuildConfiguration;
			buildSettings = {
				ALWAYS_SEARCH_USER_PATHS = NO;
				CLANG_ANALYZER_NONNULL = YES;
				CLANG_ANALYZER_NUMBER_OBJECT_CONVERSION = YES_AGGRESSIVE;
				CLANG_CXX_LANGUAGE_STANDARD = "gnu++14";
				CLANG_CXX_LIBRARY = "libc++";
				CLANG_ENABLE_MODULES = YES;
				CLANG_ENABLE_OBJC_ARC = YES;
				CLANG_ENABLE_OBJC_WEAK = YES;
				CLANG_WARN_BLOCK_CAPTURE_AUTORELEASING = YES;
				CLANG_WARN_BOOL_CONVERSION = YES;
				CLANG_WARN_COMMA = YES;
				CLANG_WARN_CONSTANT_CONVERSION = YES;
				CLANG_WARN_DEPRECATED_OBJC_IMPLEMENTATIONS = YES;
				CLANG_WARN_DIRECT_OBJC_ISA_USAGE = YES_ERROR;
				CLANG_WARN_DOCUMENTATION_COMMENTS = YES;
				CLANG_WARN_EMPTY_BODY = YES;
				CLANG_WARN_ENUM_CONVERSION = YES;
				CLANG_WARN_INFINITE_RECURSION = YES;
				CLANG_WARN_INT_CONVERSION = YES;
				CLANG_WARN_NON_LITERAL_NULL_CONVERSION = YES;
				CLANG_WARN_OBJC_IMPLICIT_RETAIN_SELF = YES;
				CLANG_WARN_OBJC_LITERAL_CONVERSION = YES;
				CLANG_WARN_OBJC_ROOT_CLASS = YES_ERROR;
				CLANG_WARN_RANGE_LOOP_ANALYSIS = YES;
				CLANG_WARN_STRICT_PROTOTYPES = YES;
				CLANG_WARN_SUSPICIOUS_MOVE = YES;
				CLANG_WARN_UNGUARDED_AVAILABILITY = YES_AGGRESSIVE;
				CLANG_WARN_UNREACHABLE_CODE = YES;
				CLANG_WARN__DUPLICATE_METHOD_MATCH = YES;
				CODE_SIGN_IDENTITY = "iPhone Developer";
				COPY_PHASE_STRIP = NO;
				DEBUG_INFORMATION_FORMAT = dwarf;
				ENABLE_STRICT_OBJC_MSGSEND = YES;
				ENABLE_TESTABILITY = YES;
				GCC_C_LANGUAGE_STANDARD = gnu11;
				GCC_DYNAMIC_NO_PIC = NO;
				GCC_NO_COMMON_BLOCKS = YES;
				GCC_OPTIMIZATION_LEVEL = 0;
				GCC_PREPROCESSOR_DEFINITIONS = (
					"DEBUG=1",
					"$(inherited)",
				);
				GCC_WARN_64_TO_32_BIT_CONVERSION = YES;
				GCC_WARN_ABOUT_RETURN_TYPE = YES_ERROR;
				GCC_WARN_UNDECLARED_SELECTOR = YES;
				GCC_WARN_UNINITIALIZED_AUTOS = YES_AGGRESSIVE;
				GCC_WARN_UNUSED_FUNCTION = YES;
				GCC_WARN_UNUSED_VARIABLE = YES;
				IPHONEOS_DEPLOYMENT_TARGET = 12.2;
				MTL_ENABLE_DEBUG_INFO = INCLUDE_SOURCE;
				MTL_FAST_MATH = YES;
				ONLY_ACTIVE_ARCH = YES;
				SDKROOT = iphoneos;
			};
			name = Debug;
		};
		134DA012239C4BC4005E7675 /* Release */ = {
			isa = XCBuildConfiguration;
			buildSettings = {
				ALWAYS_SEARCH_USER_PATHS = NO;
				CLANG_ANALYZER_NONNULL = YES;
				CLANG_ANALYZER_NUMBER_OBJECT_CONVERSION = YES_AGGRESSIVE;
				CLANG_CXX_LANGUAGE_STANDARD = "gnu++14";
				CLANG_CXX_LIBRARY = "libc++";
				CLANG_ENABLE_MODULES = YES;
				CLANG_ENABLE_OBJC_ARC = YES;
				CLANG_ENABLE_OBJC_WEAK = YES;
				CLANG_WARN_BLOCK_CAPTURE_AUTORELEASING = YES;
				CLANG_WARN_BOOL_CONVERSION = YES;
				CLANG_WARN_COMMA = YES;
				CLANG_WARN_CONSTANT_CONVERSION = YES;
				CLANG_WARN_DEPRECATED_OBJC_IMPLEMENTATIONS = YES;
				CLANG_WARN_DIRECT_OBJC_ISA_USAGE = YES_ERROR;
				CLANG_WARN_DOCUMENTATION_COMMENTS = YES;
				CLANG_WARN_EMPTY_BODY = YES;
				CLANG_WARN_ENUM_CONVERSION = YES;
				CLANG_WARN_INFINITE_RECURSION = YES;
				CLANG_WARN_INT_CONVERSION = YES;
				CLANG_WARN_NON_LITERAL_NULL_CONVERSION = YES;
				CLANG_WARN_OBJC_IMPLICIT_RETAIN_SELF = YES;
				CLANG_WARN_OBJC_LITERAL_CONVERSION = YES;
				CLANG_WARN_OBJC_ROOT_CLASS = YES_ERROR;
				CLANG_WARN_RANGE_LOOP_ANALYSIS = YES;
				CLANG_WARN_STRICT_PROTOTYPES = YES;
				CLANG_WARN_SUSPICIOUS_MOVE = YES;
				CLANG_WARN_UNGUARDED_AVAILABILITY = YES_AGGRESSIVE;
				CLANG_WARN_UNREACHABLE_CODE = YES;
				CLANG_WARN__DUPLICATE_METHOD_MATCH = YES;
				CODE_SIGN_IDENTITY = "iPhone Developer";
				COPY_PHASE_STRIP = NO;
				DEBUG_INFORMATION_FORMAT = "dwarf-with-dsym";
				ENABLE_NS_ASSERTIONS = NO;
				ENABLE_STRICT_OBJC_MSGSEND = YES;
				GCC_C_LANGUAGE_STANDARD = gnu11;
				GCC_NO_COMMON_BLOCKS = YES;
				GCC_WARN_64_TO_32_BIT_CONVERSION = YES;
				GCC_WARN_ABOUT_RETURN_TYPE = YES_ERROR;
				GCC_WARN_UNDECLARED_SELECTOR = YES;
				GCC_WARN_UNINITIALIZED_AUTOS = YES_AGGRESSIVE;
				GCC_WARN_UNUSED_FUNCTION = YES;
				GCC_WARN_UNUSED_VARIABLE = YES;
				IPHONEOS_DEPLOYMENT_TARGET = 12.2;
				MTL_ENABLE_DEBUG_INFO = NO;
				MTL_FAST_MATH = YES;
				SDKROOT = iphoneos;
				VALIDATE_PRODUCT = YES;
			};
			name = Release;
		};
		134DA014239C4BC4005E7675 /* Debug */ = {
			isa = XCBuildConfiguration;
			buildSettings = {
				ASSETCATALOG_COMPILER_APPICON_NAME = AppIcon;
				CODE_SIGN_STYLE = Automatic;
				DEVELOPMENT_TEAM = L36D2F8J6M;
				INFOPLIST_FILE = "Distort-Client-iOS/Info.plist";
				LD_RUNPATH_SEARCH_PATHS = (
					"$(inherited)",
					"@executable_path/Frameworks",
				);
				PRODUCT_BUNDLE_IDENTIFIER = "com.foreza.trouble.Distort-Client-iOS";
				PRODUCT_NAME = "$(TARGET_NAME)";
				TARGETED_DEVICE_FAMILY = "1,2";
			};
			name = Debug;
		};
		134DA015239C4BC4005E7675 /* Release */ = {
			isa = XCBuildConfiguration;
			buildSettings = {
				ASSETCATALOG_COMPILER_APPICON_NAME = AppIcon;
				CODE_SIGN_STYLE = Automatic;
				DEVELOPMENT_TEAM = L36D2F8J6M;
				INFOPLIST_FILE = "Distort-Client-iOS/Info.plist";
				LD_RUNPATH_SEARCH_PATHS = (
					"$(inherited)",
					"@executable_path/Frameworks",
				);
				PRODUCT_BUNDLE_IDENTIFIER = "com.foreza.trouble.Distort-Client-iOS";
				PRODUCT_NAME = "$(TARGET_NAME)";
				TARGETED_DEVICE_FAMILY = "1,2";
			};
			name = Release;
		};
/* End XCBuildConfiguration section */

/* Begin XCConfigurationList section */
		134D9FF8239C4BC2005E7675 /* Build configuration list for PBXProject "Distort-Client-iOS" */ = {
			isa = XCConfigurationList;
			buildConfigurations = (
				134DA011239C4BC4005E7675 /* Debug */,
				134DA012239C4BC4005E7675 /* Release */,
			);
			defaultConfigurationIsVisible = 0;
			defaultConfigurationName = Release;
		};
		134DA013239C4BC4005E7675 /* Build configuration list for PBXNativeTarget "Distort-Client-iOS" */ = {
			isa = XCConfigurationList;
			buildConfigurations = (
				134DA014239C4BC4005E7675 /* Debug */,
				134DA015239C4BC4005E7675 /* Release */,
			);
			defaultConfigurationIsVisible = 0;
			defaultConfigurationName = Release;
		};
/* End XCConfigurationList section */
	};
	rootObject = 134D9FF5239C4BC2005E7675 /* Project object */;
}
